
Microsoft Visual Studio Solution File, Format Version 12.00
# Visual Studio Version 16
VisualStudioVersion = 16.0.29306.81
MinimumVisualStudioVersion = 10.0.40219.1
Project("{FAE04EC0-301F-11D3-BF4B-00C04F79EFBC}") = "ReflectionToIL", "ReflectionToIL.csproj", "{7FC92413-8F81-496F-B3B4-38F14DD1B558}"
EndProject
Global
	GlobalSection(SolutionConfigurationPlatforms) = preSolution
		Debug|Any CPU = Debug|Any CPU
		Release|Any CPU = Release|Any CPU
	EndGlobalSection
	GlobalSection(ProjectConfigurationPlatforms) = postSolution
		{7FC92413-8F81-496F-B3B4-38F14DD1B558}.Debug|Any CPU.ActiveCfg = Debug|Any CPU
		{7FC92413-8F81-496F-B3B4-38F14DD1B558}.Debug|Any CPU.Build.0 = Debug|Any CPU
		{7FC92413-8F81-496F-B3B4-38F14DD1B558}.Release|Any CPU.ActiveCfg = Release|Any CPU
		{7FC92413-8F81-496F-B3B4-38F14DD1B558}.Release|Any CPU.Build.0 = Release|Any CPU
	EndGlobalSection
	GlobalSection(SolutionProperties) = preSolution
		HideSolutionNode = FALSE
	EndGlobalSection
	GlobalSection(ExtensibilityGlobals) = postSolution
		SolutionGuid = {C32A7877-50D4-4BCF-B28D-B5E4BFF2C918}
	EndGlobalSection
EndGlobal
